
Microsoft Visual Studio Solution File, Format Version 12.00
# Visual Studio 15
VisualStudioVersion = 15.0.26730.3
MinimumVisualStudioVersion = 10.0.40219.1
Project("{FAE04EC0-301F-11D3-BF4B-00C04F79EFBC}") = "Formel", "Formel\Formel.csproj", "{08B470D7-F921-4F7F-A0B1-EDE4D917A215}"
EndProject
Project("{FAE04EC0-301F-11D3-BF4B-00C04F79EFBC}") = "Formel.Tests", "Formel.Tests\Formel.Tests.csproj", "{18ADF7E4-2C89-42EF-8962-C3CB8202BBB4}"
EndProject
Global
	GlobalSection(SolutionConfigurationPlatforms) = preSolution
		Debug|Any CPU = Debug|Any CPU
		Release|Any CPU = Release|Any CPU
	EndGlobalSection
	GlobalSection(ProjectConfigurationPlatforms) = postSolution
		{08B470D7-F921-4F7F-A0B1-EDE4D917A215}.Debug|Any CPU.ActiveCfg = Debug|Any CPU
		{08B470D7-F921-4F7F-A0B1-EDE4D917A215}.Debug|Any CPU.Build.0 = Debug|Any CPU
		{08B470D7-F921-4F7F-A0B1-EDE4D917A215}.Release|Any CPU.ActiveCfg = Release|Any CPU
		{08B470D7-F921-4F7F-A0B1-EDE4D917A215}.Release|Any CPU.Build.0 = Release|Any CPU
		{18ADF7E4-2C89-42EF-8962-C3CB8202BBB4}.Debug|Any CPU.ActiveCfg = Debug|Any CPU
		{18ADF7E4-2C89-42EF-8962-C3CB8202BBB4}.Debug|Any CPU.Build.0 = Debug|Any CPU
		{18ADF7E4-2C89-42EF-8962-C3CB8202BBB4}.Release|Any CPU.ActiveCfg = Release|Any CPU
		{18ADF7E4-2C89-42EF-8962-C3CB8202BBB4}.Release|Any CPU.Build.0 = Release|Any CPU
	EndGlobalSection
	GlobalSection(SolutionProperties) = preSolution
		HideSolutionNode = FALSE
	EndGlobalSection
	GlobalSection(ExtensibilityGlobals) = postSolution
		SolutionGuid = {E29C0BBC-3DE1-444B-951F-6BCCF8E9FEC8}
	EndGlobalSection
EndGlobal
